
Microsoft Visual Studio Solution File, Format Version 12.00
# Visual Studio 15
VisualStudioVersion = 15.0.28307.1321
MinimumVisualStudioVersion = 10.0.40219.1
Project("{FAE04EC0-301F-11D3-BF4B-00C04F79EFBC}") = "DAL", "DAL\DAL.csproj", "{9F89F3B0-EF9C-4F78-82F9-2A918F072901}"
EndProject
Project("{FAE04EC0-301F-11D3-BF4B-00C04F79EFBC}") = "API", "API\API.csproj", "{2784D858-63D2-49D6-BDEE-81CA84E90DC4}"
EndProject
Project("{FAE04EC0-301F-11D3-BF4B-00C04F79EFBC}") = "GUI", "GUI\GUI.csproj", "{404D0EDA-0711-47DD-8745-63AB64A56D31}"
EndProject
Project("{FAE04EC0-301F-11D3-BF4B-00C04F79EFBC}") = "DataObject", "DataObject\DataObject.csproj", "{8310B03B-D451-4276-9186-D88A3D35EE33}"
EndProject
Project("{FAE04EC0-301F-11D3-BF4B-00C04F79EFBC}") = "BL", "BL\BL.csproj", "{7C86E712-E600-4470-A37E-43EBAD9B73AB}"
EndProject
Global
	GlobalSection(SolutionConfigurationPlatforms) = preSolution
		Debug|Any CPU = Debug|Any CPU
		Release|Any CPU = Release|Any CPU
	EndGlobalSection
	GlobalSection(ProjectConfigurationPlatforms) = postSolution
		{9F89F3B0-EF9C-4F78-82F9-2A918F072901}.Debug|Any CPU.ActiveCfg = Debug|Any CPU
		{9F89F3B0-EF9C-4F78-82F9-2A918F072901}.Debug|Any CPU.Build.0 = Debug|Any CPU
		{9F89F3B0-EF9C-4F78-82F9-2A918F072901}.Release|Any CPU.ActiveCfg = Release|Any CPU
		{9F89F3B0-EF9C-4F78-82F9-2A918F072901}.Release|Any CPU.Build.0 = Release|Any CPU
		{2784D858-63D2-49D6-BDEE-81CA84E90DC4}.Debug|Any CPU.ActiveCfg = Debug|Any CPU
		{2784D858-63D2-49D6-BDEE-81CA84E90DC4}.Debug|Any CPU.Build.0 = Debug|Any CPU
		{2784D858-63D2-49D6-BDEE-81CA84E90DC4}.Release|Any CPU.ActiveCfg = Release|Any CPU
		{2784D858-63D2-49D6-BDEE-81CA84E90DC4}.Release|Any CPU.Build.0 = Release|Any CPU
		{404D0EDA-0711-47DD-8745-63AB64A56D31}.Debug|Any CPU.ActiveCfg = Debug|Any CPU
		{404D0EDA-0711-47DD-8745-63AB64A56D31}.Debug|Any CPU.Build.0 = Debug|Any CPU
		{404D0EDA-0711-47DD-8745-63AB64A56D31}.Release|Any CPU.ActiveCfg = Release|Any CPU
		{404D0EDA-0711-47DD-8745-63AB64A56D31}.Release|Any CPU.Build.0 = Release|Any CPU
		{8310B03B-D451-4276-9186-D88A3D35EE33}.Debug|Any CPU.ActiveCfg = Debug|Any CPU
		{8310B03B-D451-4276-9186-D88A3D35EE33}.Debug|Any CPU.Build.0 = Debug|Any CPU
		{8310B03B-D451-4276-9186-D88A3D35EE33}.Release|Any CPU.ActiveCfg = Release|Any CPU
		{8310B03B-D451-4276-9186-D88A3D35EE33}.Release|Any CPU.Build.0 = Release|Any CPU
		{7C86E712-E600-4470-A37E-43EBAD9B73AB}.Debug|Any CPU.ActiveCfg = Debug|Any CPU
		{7C86E712-E600-4470-A37E-43EBAD9B73AB}.Debug|Any CPU.Build.0 = Debug|Any CPU
		{7C86E712-E600-4470-A37E-43EBAD9B73AB}.Release|Any CPU.ActiveCfg = Release|Any CPU
		{7C86E712-E600-4470-A37E-43EBAD9B73AB}.Release|Any CPU.Build.0 = Release|Any CPU
	EndGlobalSection
	GlobalSection(SolutionProperties) = preSolution
		HideSolutionNode = FALSE
	EndGlobalSection
	GlobalSection(ExtensibilityGlobals) = postSolution
		SolutionGuid = {380C9D6A-E227-4E8A-8238-096A38DBDF48}
	EndGlobalSection
EndGlobal
